
Microsoft Visual Studio Solution File, Format Version 12.00
# Visual Studio Version 16
VisualStudioVersion = 16.0.30503.244
MinimumVisualStudioVersion = 10.0.40219.1
Project("{8BC9CEB8-8B4A-11D0-8D11-00A0C91BC942}") = "Эретосфен", "Эретосфен.vcxproj", "{54CF4B67-DF8F-494F-8A33-B61F720DB76F}"
EndProject
Global
	GlobalSection(SolutionConfigurationPlatforms) = preSolution
		Debug|x64 = Debug|x64
		Debug|x86 = Debug|x86
		Release|x64 = Release|x64
		Release|x86 = Release|x86
	EndGlobalSection
	GlobalSection(ProjectConfigurationPlatforms) = postSolution
		{54CF4B67-DF8F-494F-8A33-B61F720DB76F}.Debug|x64.ActiveCfg = Debug|x64
		{54CF4B67-DF8F-494F-8A33-B61F720DB76F}.Debug|x64.Build.0 = Debug|x64
		{54CF4B67-DF8F-494F-8A33-B61F720DB76F}.Debug|x86.ActiveCfg = Debug|Win32
		{54CF4B67-DF8F-494F-8A33-B61F720DB76F}.Debug|x86.Build.0 = Debug|Win32
		{54CF4B67-DF8F-494F-8A33-B61F720DB76F}.Release|x64.ActiveCfg = Release|x64
		{54CF4B67-DF8F-494F-8A33-B61F720DB76F}.Release|x64.Build.0 = Release|x64
		{54CF4B67-DF8F-494F-8A33-B61F720DB76F}.Release|x86.ActiveCfg = Release|Win32
		{54CF4B67-DF8F-494F-8A33-B61F720DB76F}.Release|x86.Build.0 = Release|Win32
	EndGlobalSection
	GlobalSection(SolutionProperties) = preSolution
		HideSolutionNode = FALSE
	EndGlobalSection
	GlobalSection(ExtensibilityGlobals) = postSolution
		SolutionGuid = {A38D5347-9B79-43AB-BC94-6355972FAA56}
	EndGlobalSection
EndGlobal
